
Microsoft Visual Studio Solution File, Format Version 11.00
# Visual Basic Express 2010
Project("{F184B08F-C81C-45F6-A57F-5ABD9991F28F}") = "Crypter", "Crypter\Crypter.vbproj", "{77D40100-B80B-4DE1-87C3-85BB1125B4F0}"
EndProject
Global
	GlobalSection(SolutionConfigurationPlatforms) = preSolution
		Debug|x86 = Debug|x86
		Release|x86 = Release|x86
	EndGlobalSection
	GlobalSection(ProjectConfigurationPlatforms) = postSolution
		{77D40100-B80B-4DE1-87C3-85BB1125B4F0}.Debug|x86.ActiveCfg = Debug|x86
		{77D40100-B80B-4DE1-87C3-85BB1125B4F0}.Debug|x86.Build.0 = Debug|x86
		{77D40100-B80B-4DE1-87C3-85BB1125B4F0}.Release|x86.ActiveCfg = Release|x86
		{77D40100-B80B-4DE1-87C3-85BB1125B4F0}.Release|x86.Build.0 = Release|x86
	EndGlobalSection
	GlobalSection(SolutionProperties) = preSolution
		HideSolutionNode = FALSE
	EndGlobalSection
EndGlobal
